
Microsoft Visual Studio Solution File, Format Version 12.00
# Visual Studio Version 17
VisualStudioVersion = 17.7.34018.315
MinimumVisualStudioVersion = 10.0.40219.1
Project("{FAE04EC0-301F-11D3-BF4B-00C04F79EFBC}") = "Boostlingo.PeopleSoft", "Boostlingo.PeopleSoft\Boostlingo.PeopleSoft.csproj", "{666BC0AA-9A1F-4BDA-B7B3-D75BBB742554}"
EndProject
Project("{FAE04EC0-301F-11D3-BF4B-00C04F79EFBC}") = "Boostlingo.PeopleSoft.Business", "Boostlingo.PeopleSoft.Business\Boostlingo.PeopleSoft.Business.csproj", "{7F80DA05-CDB6-4C59-85C6-29F6913F0A51}"
EndProject
Project("{FAE04EC0-301F-11D3-BF4B-00C04F79EFBC}") = "Boostlingo.PeopleSoft.Data", "Boostlingo.PeopleSoft.Data\Boostlingo.PeopleSoft.Data.csproj", "{D3520F7E-3AE0-49ED-B7DB-C405EF7AC2C4}"
EndProject
Project("{FAE04EC0-301F-11D3-BF4B-00C04F79EFBC}") = "Boostlingo.PeopleSoft.Tests", "Boostlingo.PeopleSoft.Tests\Boostlingo.PeopleSoft.Tests.csproj", "{17A8A752-2DF5-400D-BEEE-E20C70A25D87}"
EndProject
Project("{FAE04EC0-301F-11D3-BF4B-00C04F79EFBC}") = "Boostlingo.PeopleSoft.Resources", "Boostlingo.PeopleSoft.Resources\Boostlingo.PeopleSoft.Resources.csproj", "{E953F9B7-05AC-43A0-856D-D0B92DCC8082}"
EndProject
Global
	GlobalSection(SolutionConfigurationPlatforms) = preSolution
		Debug|Any CPU = Debug|Any CPU
		Release|Any CPU = Release|Any CPU
	EndGlobalSection
	GlobalSection(ProjectConfigurationPlatforms) = postSolution
		{666BC0AA-9A1F-4BDA-B7B3-D75BBB742554}.Debug|Any CPU.ActiveCfg = Debug|Any CPU
		{666BC0AA-9A1F-4BDA-B7B3-D75BBB742554}.Debug|Any CPU.Build.0 = Debug|Any CPU
		{666BC0AA-9A1F-4BDA-B7B3-D75BBB742554}.Release|Any CPU.ActiveCfg = Release|Any CPU
		{666BC0AA-9A1F-4BDA-B7B3-D75BBB742554}.Release|Any CPU.Build.0 = Release|Any CPU
		{7F80DA05-CDB6-4C59-85C6-29F6913F0A51}.Debug|Any CPU.ActiveCfg = Debug|Any CPU
		{7F80DA05-CDB6-4C59-85C6-29F6913F0A51}.Debug|Any CPU.Build.0 = Debug|Any CPU
		{7F80DA05-CDB6-4C59-85C6-29F6913F0A51}.Release|Any CPU.ActiveCfg = Release|Any CPU
		{7F80DA05-CDB6-4C59-85C6-29F6913F0A51}.Release|Any CPU.Build.0 = Release|Any CPU
		{D3520F7E-3AE0-49ED-B7DB-C405EF7AC2C4}.Debug|Any CPU.ActiveCfg = Debug|Any CPU
		{D3520F7E-3AE0-49ED-B7DB-C405EF7AC2C4}.Debug|Any CPU.Build.0 = Debug|Any CPU
		{D3520F7E-3AE0-49ED-B7DB-C405EF7AC2C4}.Release|Any CPU.ActiveCfg = Release|Any CPU
		{D3520F7E-3AE0-49ED-B7DB-C405EF7AC2C4}.Release|Any CPU.Build.0 = Release|Any CPU
		{17A8A752-2DF5-400D-BEEE-E20C70A25D87}.Debug|Any CPU.ActiveCfg = Debug|Any CPU
		{17A8A752-2DF5-400D-BEEE-E20C70A25D87}.Debug|Any CPU.Build.0 = Debug|Any CPU
		{17A8A752-2DF5-400D-BEEE-E20C70A25D87}.Release|Any CPU.ActiveCfg = Release|Any CPU
		{17A8A752-2DF5-400D-BEEE-E20C70A25D87}.Release|Any CPU.Build.0 = Release|Any CPU
		{E953F9B7-05AC-43A0-856D-D0B92DCC8082}.Debug|Any CPU.ActiveCfg = Debug|Any CPU
		{E953F9B7-05AC-43A0-856D-D0B92DCC8082}.Debug|Any CPU.Build.0 = Debug|Any CPU
		{E953F9B7-05AC-43A0-856D-D0B92DCC8082}.Release|Any CPU.ActiveCfg = Release|Any CPU
		{E953F9B7-05AC-43A0-856D-D0B92DCC8082}.Release|Any CPU.Build.0 = Release|Any CPU
	EndGlobalSection
	GlobalSection(SolutionProperties) = preSolution
		HideSolutionNode = FALSE
	EndGlobalSection
	GlobalSection(ExtensibilityGlobals) = postSolution
		SolutionGuid = {A4A8FCAA-28B5-4086-9579-13279541EF81}
	EndGlobalSection
EndGlobal
